Microsoft Visual Studio Solution File, Format Version 12.00
# Visual Studio 2012
Project("{FAE04EC0-301F-11D3-BF4B-00C04F79EFBC}") = "Gossen Tamer", "Gossen Tamer.csproj", "{B3EEAC74-4881-45D7-908E-CE80052313CF}"
EndProject
Global
	GlobalSection(SolutionConfigurationPlatforms) = preSolution
	Debug|Any CPU = Debug|Any CPU
	ExportDebug|Any CPU = ExportDebug|Any CPU
	ExportRelease|Any CPU = ExportRelease|Any CPU
	EndGlobalSection
	GlobalSection(ProjectConfigurationPlatforms) = postSolution
		{B3EEAC74-4881-45D7-908E-CE80052313CF}.Debug|Any CPU.ActiveCfg = Debug|Any CPU
		{B3EEAC74-4881-45D7-908E-CE80052313CF}.Debug|Any CPU.Build.0 = Debug|Any CPU
		{B3EEAC74-4881-45D7-908E-CE80052313CF}.ExportDebug|Any CPU.ActiveCfg = ExportDebug|Any CPU
		{B3EEAC74-4881-45D7-908E-CE80052313CF}.ExportDebug|Any CPU.Build.0 = ExportDebug|Any CPU
		{B3EEAC74-4881-45D7-908E-CE80052313CF}.ExportRelease|Any CPU.ActiveCfg = ExportRelease|Any CPU
		{B3EEAC74-4881-45D7-908E-CE80052313CF}.ExportRelease|Any CPU.Build.0 = ExportRelease|Any CPU
	EndGlobalSection
EndGlobal
